
Microsoft Visual Studio Solution File, Format Version 12.00
# Visual Studio Version 16
VisualStudioVersion = 16.0.29911.84
MinimumVisualStudioVersion = 10.0.40219.1
Project("{9A19103F-16F7-4668-BE54-9A1E7A4F7556}") = "GroceryStoreAPI", "GroceryStoreAPI\GroceryStoreAPI.csproj", "{471ACB33-0A48-406A-8735-F9E2ECBA8817}"
EndProject
Project("{FAE04EC0-301F-11D3-BF4B-00C04F79EFBC}") = "GroceryStoreAPI.UnitTests", "GroceryStoreAPI.UnitTests\GroceryStoreAPI.UnitTests.csproj", "{B8880634-D4C1-43E5-A622-BAF4383F3177}"
EndProject
Project("{FAE04EC0-301F-11D3-BF4B-00C04F79EFBC}") = "GroceryStoreModels", "GroceryStoreModels\GroceryStoreModels.csproj", "{CE88CB55-2715-4D57-AB95-132DDFB5A9A5}"
EndProject
Global
	GlobalSection(SolutionConfigurationPlatforms) = preSolution
		Debug|Any CPU = Debug|Any CPU
		Release|Any CPU = Release|Any CPU
	EndGlobalSection
	GlobalSection(ProjectConfigurationPlatforms) = postSolution
		{471ACB33-0A48-406A-8735-F9E2ECBA8817}.Debug|Any CPU.ActiveCfg = Debug|Any CPU
		{471ACB33-0A48-406A-8735-F9E2ECBA8817}.Debug|Any CPU.Build.0 = Debug|Any CPU
		{471ACB33-0A48-406A-8735-F9E2ECBA8817}.Release|Any CPU.ActiveCfg = Release|Any CPU
		{471ACB33-0A48-406A-8735-F9E2ECBA8817}.Release|Any CPU.Build.0 = Release|Any CPU
		{B8880634-D4C1-43E5-A622-BAF4383F3177}.Debug|Any CPU.ActiveCfg = Debug|Any CPU
		{B8880634-D4C1-43E5-A622-BAF4383F3177}.Debug|Any CPU.Build.0 = Debug|Any CPU
		{B8880634-D4C1-43E5-A622-BAF4383F3177}.Release|Any CPU.ActiveCfg = Release|Any CPU
		{B8880634-D4C1-43E5-A622-BAF4383F3177}.Release|Any CPU.Build.0 = Release|Any CPU
		{CE88CB55-2715-4D57-AB95-132DDFB5A9A5}.Debug|Any CPU.ActiveCfg = Debug|Any CPU
		{CE88CB55-2715-4D57-AB95-132DDFB5A9A5}.Debug|Any CPU.Build.0 = Debug|Any CPU
		{CE88CB55-2715-4D57-AB95-132DDFB5A9A5}.Release|Any CPU.ActiveCfg = Release|Any CPU
		{CE88CB55-2715-4D57-AB95-132DDFB5A9A5}.Release|Any CPU.Build.0 = Release|Any CPU
	EndGlobalSection
	GlobalSection(SolutionProperties) = preSolution
		HideSolutionNode = FALSE
	EndGlobalSection
	GlobalSection(ExtensibilityGlobals) = postSolution
		SolutionGuid = {72187AA2-D41B-4C08-BB1E-BFD763AA9C2F}
	EndGlobalSection
EndGlobal
